Microsoft Visual Studio Solution File, Format Version 8.00
Project("{F184B08F-C81C-45F6-A57F-5ABD9991F28F}") = "SupSchemaDisk", "SupSchemaDisk.vbproj", "{FAF1CF95-65FC-4AB9-8750-F850F21E46D5}"
	ProjectSection(ProjectDependencies) = postProject
	EndProjectSection
EndProject
Global
	GlobalSection(SolutionConfiguration) = preSolution
		Debug = Debug
		Release = Release
	EndGlobalSection
	GlobalSection(ProjectConfiguration) = postSolution
		{FAF1CF95-65FC-4AB9-8750-F850F21E46D5}.Debug.ActiveCfg = Debug|.NET
		{FAF1CF95-65FC-4AB9-8750-F850F21E46D5}.Debug.Build.0 = Debug|.NET
		{FAF1CF95-65FC-4AB9-8750-F850F21E46D5}.Release.ActiveCfg = Release|.NET
		{FAF1CF95-65FC-4AB9-8750-F850F21E46D5}.Release.Build.0 = Release|.NET
	EndGlobalSection
	GlobalSection(ExtensibilityGlobals) = postSolution
	EndGlobalSection
	GlobalSection(ExtensibilityAddIns) = postSolution
	EndGlobalSection
EndGlobal
