Microsoft Visual Studio Solution File, Format Version 8.00
Project("{F184B08F-C81C-45F6-A57F-5ABD9991F28F}") = "ValidatingReader", "ValidatingReader.vbproj", "{E5F1C22C-4EDC-4D1E-9DDE-23769C4FD211}"
	ProjectSection(ProjectDependencies) = postProject
	EndProjectSection
EndProject
Global
	GlobalSection(SolutionConfiguration) = preSolution
		Debug = Debug
		Release = Release
	EndGlobalSection
	GlobalSection(ProjectConfiguration) = postSolution
		{E5F1C22C-4EDC-4D1E-9DDE-23769C4FD211}.Debug.ActiveCfg = Debug|.NET
		{E5F1C22C-4EDC-4D1E-9DDE-23769C4FD211}.Debug.Build.0 = Debug|.NET
		{E5F1C22C-4EDC-4D1E-9DDE-23769C4FD211}.Release.ActiveCfg = Release|.NET
		{E5F1C22C-4EDC-4D1E-9DDE-23769C4FD211}.Release.Build.0 = Release|.NET
	EndGlobalSection
	GlobalSection(ExtensibilityGlobals) = postSolution
	EndGlobalSection
	GlobalSection(ExtensibilityAddIns) = postSolution
	EndGlobalSection
EndGlobal
