Microsoft Visual Studio Solution File, Format Version 8.00
Project("{F184B08F-C81C-45F6-A57F-5ABD9991F28F}") = "OleDbEmulateSchemaTable", "OleDbEmulateSchemaTable.vbproj", "{A86AC495-60B6-4C2E-9874-BC89D69F4982}"
	ProjectSection(ProjectDependencies) = postProject
	EndProjectSection
EndProject
Global
	GlobalSection(SolutionConfiguration) = preSolution
		Debug = Debug
		Release = Release
	EndGlobalSection
	GlobalSection(ProjectConfiguration) = postSolution
		{A86AC495-60B6-4C2E-9874-BC89D69F4982}.Debug.ActiveCfg = Debug|.NET
		{A86AC495-60B6-4C2E-9874-BC89D69F4982}.Debug.Build.0 = Debug|.NET
		{A86AC495-60B6-4C2E-9874-BC89D69F4982}.Release.ActiveCfg = Release|.NET
		{A86AC495-60B6-4C2E-9874-BC89D69F4982}.Release.Build.0 = Release|.NET
	EndGlobalSection
	GlobalSection(ExtensibilityGlobals) = postSolution
	EndGlobalSection
	GlobalSection(ExtensibilityAddIns) = postSolution
	EndGlobalSection
EndGlobal
