Microsoft Visual Studio Solution File, Format Version 8.00
Project("{F184B08F-C81C-45F6-A57F-5ABD9991F28F}") = "DALWebApp", "http://localhost/DALWebApp/DALWebApp.vbproj", "{4925C582-AA1C-4AA3-A53B-868D7A69B713}"
	ProjectSection(ProjectDependencies) = postProject
	EndProjectSection
EndProject
Global
	GlobalSection(SolutionConfiguration) = preSolution
		Debug = Debug
		Release = Release
	EndGlobalSection
	GlobalSection(ProjectConfiguration) = postSolution
		{4925C582-AA1C-4AA3-A53B-868D7A69B713}.Debug.ActiveCfg = Debug|.NET
		{4925C582-AA1C-4AA3-A53B-868D7A69B713}.Debug.Build.0 = Debug|.NET
		{4925C582-AA1C-4AA3-A53B-868D7A69B713}.Release.ActiveCfg = Release|.NET
		{4925C582-AA1C-4AA3-A53B-868D7A69B713}.Release.Build.0 = Release|.NET
	EndGlobalSection
	GlobalSection(ExtensibilityGlobals) = postSolution
	EndGlobalSection
	GlobalSection(ExtensibilityAddIns) = postSolution
	EndGlobalSection
EndGlobal
