Microsoft Visual Studio Solution File, Format Version 8.00
Project("{F184B08F-C81C-45F6-A57F-5ABD9991F28F}") = "Example8", "Example8.vbproj", "{63CB8BF7-8C49-47D5-87D2-4CDB32985631}"
	ProjectSection(ProjectDependencies) = postProject
	EndProjectSection
EndProject
Global
	GlobalSection(SolutionConfiguration) = preSolution
		Debug = Debug
		Release = Release
	EndGlobalSection
	GlobalSection(ProjectConfiguration) = postSolution
		{63CB8BF7-8C49-47D5-87D2-4CDB32985631}.Debug.ActiveCfg = Debug|.NET
		{63CB8BF7-8C49-47D5-87D2-4CDB32985631}.Debug.Build.0 = Debug|.NET
		{63CB8BF7-8C49-47D5-87D2-4CDB32985631}.Release.ActiveCfg = Release|.NET
		{63CB8BF7-8C49-47D5-87D2-4CDB32985631}.Release.Build.0 = Release|.NET
	EndGlobalSection
	GlobalSection(ExtensibilityGlobals) = postSolution
	EndGlobalSection
	GlobalSection(ExtensibilityAddIns) = postSolution
	EndGlobalSection
EndGlobal
