Microsoft Visual Studio Solution File, Format Version 8.00
Project("{F184B08F-C81C-45F6-A57F-5ABD9991F28F}") = "DACommands2", "DACommands2.vbproj", "{8013E75E-777E-4759-9E92-96A8D98E456E}"
	ProjectSection(ProjectDependencies) = postProject
	EndProjectSection
EndProject
Global
	GlobalSection(SolutionConfiguration) = preSolution
		Debug = Debug
		Release = Release
	EndGlobalSection
	GlobalSection(ProjectConfiguration) = postSolution
		{8013E75E-777E-4759-9E92-96A8D98E456E}.Debug.ActiveCfg = Debug|.NET
		{8013E75E-777E-4759-9E92-96A8D98E456E}.Debug.Build.0 = Debug|.NET
		{8013E75E-777E-4759-9E92-96A8D98E456E}.Release.ActiveCfg = Release|.NET
		{8013E75E-777E-4759-9E92-96A8D98E456E}.Release.Build.0 = Release|.NET
	EndGlobalSection
	GlobalSection(ExtensibilityGlobals) = postSolution
	EndGlobalSection
	GlobalSection(ExtensibilityAddIns) = postSolution
	EndGlobalSection
EndGlobal
